// !$*UTF8*$!
{
	archiveVersion = 1;
	classes = {
	};
	objectVersion = 70;
	objects = {

/* Begin PBXBuildFile section */
		24A000062F011316007DFE06 /* Composition.swift in Sources */ = {isa = PBXBuildFile; fileRef = 24A000002F011316007DFE00 /* Composition.swift */; };
		24A000072F011316007DFE07 /* Automata.swift in Sources */ = {isa = PBXBuildFile; fileRef = 24A000002F011316007DFE0A /* Automata.swift */; };
		24A000082F011316007DFE08 /* KeyboardFactory.swift in Sources */ = {isa = PBXBuildFile; fileRef = 24A000002F011316007DFE0B /* KeyboardFactory.swift */; };
		24TEST0D2F0113160007DF0D /* Composition.swift in Sources */ = {isa = PBXBuildFile; fileRef = 24A000002F011316007DFE00 /* Composition.swift */; };
		24TEST0E2F0113160007DF0E /* Automata.swift in Sources */ = {isa = PBXBuildFile; fileRef = 24A000002F011316007DFE0A /* Automata.swift */; };
		24TEST0F2F0113160007DF0F /* KeyboardFactory.swift in Sources */ = {isa = PBXBuildFile; fileRef = 24A000002F011316007DFE0B /* KeyboardFactory.swift */; };
		24A000112F011316007DFE01 /* KeyboardProtocol.swift in Sources */ = {isa = PBXBuildFile; fileRef = 24A000012F011316007DFE01 /* KeyboardProtocol.swift */; };
		24A000122F011316007DFE02 /* InputTimingManager.swift in Sources */ = {isa = PBXBuildFile; fileRef = 24A000022F011316007DFE02 /* InputTimingManager.swift */; };
		24A000132F011316007DFE03 /* DubeolLayout.swift in Sources */ = {isa = PBXBuildFile; fileRef = 24A000032F011316007DFE03 /* DubeolLayout.swift */; };
		24A000142F011316007DFE04 /* SemoiLayout.swift in Sources */ = {isa = PBXBuildFile; fileRef = 24A000042F011316007DFE04 /* SemoiLayout.swift */; };
		24A000152F011316007DFE05 /* SemoiAbbreviations.swift in Sources */ = {isa = PBXBuildFile; fileRef = 24A000052F011316007DFE05 /* SemoiAbbreviations.swift */; };
		24BB48232D858594009A438B /* KeyboardSemoi.swift in Sources */ = {isa = PBXBuildFile; fileRef = 24BB48222D858594009A438B /* KeyboardSemoi.swift */; };
		24E000012D9F000000000001 /* Main.swift in Sources */ = {isa = PBXBuildFile; fileRef = 24E000002D9F000000000001 /* Main.swift */; };
		24F766A02D8CFC0900D44031 /* HangulCharacter.swift in Sources */ = {isa = PBXBuildFile; fileRef = 24F7669F2D8CFC0900D44031 /* HangulCharacter.swift */; };
		24ICON002D90000000000001 /* icon.tiff in Resources */ = {isa = PBXBuildFile; fileRef = 24ICON012D90000000000001 /* icon.tiff */; };
		24LOC0002D90000000000002 /* InfoPlist.strings in Resources */ = {isa = PBXBuildFile; fileRef = 24LOC0012D90000000000002 /* InfoPlist.strings */; };
		24TEST012F0113160007DF01 /* KeyboardProtocol.swift in Sources */ = {isa = PBXBuildFile; fileRef = 24A000012F011316007DFE01 /* KeyboardProtocol.swift */; };
		24TEST022F0113160007DF02 /* InputTimingManager.swift in Sources */ = {isa = PBXBuildFile; fileRef = 24A000022F011316007DFE02 /* InputTimingManager.swift */; };
		24TEST032F0113160007DF03 /* DubeolLayout.swift in Sources */ = {isa = PBXBuildFile; fileRef = 24A000032F011316007DFE03 /* DubeolLayout.swift */; };
		24TEST042F0113160007DF04 /* SemoiLayout.swift in Sources */ = {isa = PBXBuildFile; fileRef = 24A000042F011316007DFE04 /* SemoiLayout.swift */; };
		24TEST052F0113160007DF05 /* SemoiAbbreviations.swift in Sources */ = {isa = PBXBuildFile; fileRef = 24A000052F011316007DFE05 /* SemoiAbbreviations.swift */; };
		24TEST062F0113160007DF06 /* KeyboardSemoi.swift in Sources */ = {isa = PBXBuildFile; fileRef = 24BB48222D858594009A438B /* KeyboardSemoi.swift */; };
		24TEST072F0113160007DF07 /* HangulCharacter.swift in Sources */ = {isa = PBXBuildFile; fileRef = 24F7669F2D8CFC0900D44031 /* HangulCharacter.swift */; };
		24TEST082F0113160007DF08 /* Log.swift in Sources */ = {isa = PBXBuildFile; fileRef = CF3237BC28D1AACE008941FE /* Log.swift */; };
		24TEST092F0113160007DF09 /* OptHandler.swift in Sources */ = {isa = PBXBuildFile; fileRef = CF34BD8A29D6C0A200F69E9E /* OptHandler.swift */; };
		24TEST0A2F0113160007DF0A /* KeyboardDubeol.swift in Sources */ = {isa = PBXBuildFile; fileRef = CF40CD2F28EFF6CB000CCB7B /* KeyboardDubeol.swift */; };
		24TEST0B2F0113160007DF0B /* Hangul.swift in Sources */ = {isa = PBXBuildFile; fileRef = CF6561F828D1AE240085AC8D /* Hangul.swift */; };
		24TEST0C2F0113160007DF0C /* Keyboards.swift in Sources */ = {isa = PBXBuildFile; fileRef = CF6561FC28D1AE590085AC8D /* Keyboards.swift */; };
		CF3237BD28D1AACE008941FE /* Log.swift in Sources */ = {isa = PBXBuildFile; fileRef = CF3237BC28D1AACE008941FE /* Log.swift */; };
		CF34BD8B29D6C0A200F69E9E /* OptHandler.swift in Sources */ = {isa = PBXBuildFile; fileRef = CF34BD8A29D6C0A200F69E9E /* OptHandler.swift */; };
		CF39BCA228C42D7200CB35AE /* AppDelegate.swift in Sources */ = {isa = PBXBuildFile; fileRef = CF39BCA128C42D7200CB35AE /* AppDelegate.swift */; };
		CF39BCA428C42D7300CB35AE /* Assets.xcassets in Resources */ = {isa = PBXBuildFile; fileRef = CF39BCA328C42D7300CB35AE /* Assets.xcassets */; };
		CF39BCAF28C49BDA00CB35AE /* SimeInputController.swift in Sources */ = {isa = PBXBuildFile; fileRef = CF39BCAE28C49BDA00CB35AE /* SimeInputController.swift */; };
		CF40CD3028EFF6CC000CCB7B /* KeyboardDubeol.swift in Sources */ = {isa = PBXBuildFile; fileRef = CF40CD2F28EFF6CB000CCB7B /* KeyboardDubeol.swift */; };
		CF6561F928D1AE240085AC8D /* Hangul.swift in Sources */ = {isa = PBXBuildFile; fileRef = CF6561F828D1AE240085AC8D /* Hangul.swift */; };
		CF6561FD28D1AE590085AC8D /* Keyboards.swift in Sources */ = {isa = PBXBuildFile; fileRef = CF6561FC28D1AE590085AC8D /* Keyboards.swift */; };
/* End PBXBuildFile section */

/* Begin PBXFileReference section */
		244505212F0113160007DFE3 /* SimeTests.xctest */ = {isa = PBXFileReference; explicitFileType = wrapper.cfbundle; includeInIndex = 0; path = SimeTests.xctest; sourceTree = BUILT_PRODUCTS_DIR; };
		24A000002F011316007DFE00 /* Composition.swift */ = {isa = PBXFileReference; lastKnownFileType = sourcecode.swift; path = Composition.swift; sourceTree = "<group>"; };
		24A000002F011316007DFE0A /* Automata.swift */ = {isa = PBXFileReference; lastKnownFileType = sourcecode.swift; path = Automata.swift; sourceTree = "<group>"; };
		24A000002F011316007DFE0B /* KeyboardFactory.swift */ = {isa = PBXFileReference; lastKnownFileType = sourcecode.swift; path = KeyboardFactory.swift; sourceTree = "<group>"; };
		24A000012F011316007DFE01 /* KeyboardProtocol.swift */ = {isa = PBXFileReference; lastKnownFileType = sourcecode.swift; path = KeyboardProtocol.swift; sourceTree = "<group>"; };
		24A000022F011316007DFE02 /* InputTimingManager.swift */ = {isa = PBXFileReference; lastKnownFileType = sourcecode.swift; path = InputTimingManager.swift; sourceTree = "<group>"; };
		24A000032F011316007DFE03 /* DubeolLayout.swift */ = {isa = PBXFileReference; lastKnownFileType = sourcecode.swift; path = DubeolLayout.swift; sourceTree = "<group>"; };
		24A000042F011316007DFE04 /* SemoiLayout.swift */ = {isa = PBXFileReference; lastKnownFileType = sourcecode.swift; path = SemoiLayout.swift; sourceTree = "<group>"; };
		24A000052F011316007DFE05 /* SemoiAbbreviations.swift */ = {isa = PBXFileReference; lastKnownFileType = sourcecode.swift; path = SemoiAbbreviations.swift; sourceTree = "<group>"; };
		24BB48222D858594009A438B /* KeyboardSemoi.swift */ = {isa = PBXFileReference; lastKnownFileType = sourcecode.swift; path = KeyboardSemoi.swift; sourceTree = "<group>"; };
		24E000002D9F000000000001 /* Main.swift */ = {isa = PBXFileReference; lastKnownFileType = sourcecode.swift; path = Main.swift; sourceTree = "<group>"; };
		24F7669F2D8CFC0900D44031 /* HangulCharacter.swift */ = {isa = PBXFileReference; lastKnownFileType = sourcecode.swift; path = HangulCharacter.swift; sourceTree = "<group>"; };
		24ICON012D90000000000001 /* icon.tiff */ = {isa = PBXFileReference; lastKnownFileType = image.tiff; path = icon.tiff; sourceTree = "<group>"; };
		24LOC0032D90000000000003 /* ko */ = {isa = PBXFileReference; lastKnownFileType = text.plist.strings; name = ko; path = ko.lproj/InfoPlist.strings; sourceTree = "<group>"; };
		24LOC0042D90000000000004 /* en */ = {isa = PBXFileReference; lastKnownFileType = text.plist.strings; name = en; path = en.lproj/InfoPlist.strings; sourceTree = "<group>"; };
		CF3237BC28D1AACE008941FE /* Log.swift */ = {isa = PBXFileReference; lastKnownFileType = sourcecode.swift; path = Log.swift; sourceTree = "<group>"; };
		CF34BD8A29D6C0A200F69E9E /* OptHandler.swift */ = {isa = PBXFileReference; lastKnownFileType = sourcecode.swift; path = OptHandler.swift; sourceTree = "<group>"; };
		CF39BC9E28C42D7200CB35AE /* Sime.app */ = {isa = PBXFileReference; explicitFileType = wrapper.application; includeInIndex = 0; path = Sime.app; sourceTree = BUILT_PRODUCTS_DIR; };
		CF39BCA128C42D7200CB35AE /* AppDelegate.swift */ = {isa = PBXFileReference; lastKnownFileType = sourcecode.swift; path = AppDelegate.swift; sourceTree = "<group>"; };
		CF39BCA328C42D7300CB35AE /* Assets.xcassets */ = {isa = PBXFileReference; lastKnownFileType = folder.assetcatalog; path = Assets.xcassets; sourceTree = "<group>"; };
		CF39BCA828C42D7300CB35AE /* Sime.entitlements */ = {isa = PBXFileReference; lastKnownFileType = text.plist.entitlements; path = Sime.entitlements; sourceTree = "<group>"; };
		CF39BCAE28C49BDA00CB35AE /* SimeInputController.swift */ = {isa = PBXFileReference; lastKnownFileType = sourcecode.swift; path = SimeInputController.swift; sourceTree = "<group>"; };
		CF39BCB028C49D3800CB35AE /* Info.plist */ = {isa = PBXFileReference; lastKnownFileType = text.plist; path = Info.plist; sourceTree = "<group>"; };
		CF40CD2F28EFF6CB000CCB7B /* KeyboardDubeol.swift */ = {isa = PBXFileReference; fileEncoding = 4; lastKnownFileType = sourcecode.swift; path = KeyboardDubeol.swift; sourceTree = "<group>"; };
		CF6561F828D1AE240085AC8D /* Hangul.swift */ = {isa = PBXFileReference; fileEncoding = 4; lastKnownFileType = sourcecode.swift; path = Hangul.swift; sourceTree = "<group>"; };
		CF6561FC28D1AE590085AC8D /* Keyboards.swift */ = {isa = PBXFileReference; fileEncoding = 4; lastKnownFileType = sourcecode.swift; path = Keyboards.swift; sourceTree = "<group>"; };
/* End PBXFileReference section */

/* Begin PBXFileSystemSynchronizedRootGroup section */
		244505222F0113160007DFE3 /* SimeTests */ = {isa = PBXFileSystemSynchronizedRootGroup; explicitFileTypes = {}; explicitFolders = (); path = SimeTests; sourceTree = "<group>"; };
/* End PBXFileSystemSynchronizedRootGroup section */

/* Begin PBXFrameworksBuildPhase section */
		2445051E2F0113160007DFE3 /* Frameworks */ = {
			isa = PBXFrameworksBuildPhase;
			buildActionMask = 2147483647;
			files = (
			);
			runOnlyForDeploymentPostprocessing = 0;
		};
		CF39BC9B28C42D7200CB35AE /* Frameworks */ = {
			isa = PBXFrameworksBuildPhase;
			buildActionMask = 2147483647;
			files = (
			);
			runOnlyForDeploymentPostprocessing = 0;
		};
/* End PBXFrameworksBuildPhase section */

/* Begin PBXGroup section */
		CF39BC9528C42D7200CB35AE = {
			isa = PBXGroup;
			children = (
				CF39BCA028C42D7200CB35AE /* Sime */,
				244505222F0113160007DFE3 /* SimeTests */,
				CF39BC9F28C42D7200CB35AE /* Products */,
			);
			sourceTree = "<group>";
		};
		CF39BC9F28C42D7200CB35AE /* Products */ = {
			isa = PBXGroup;
			children = (
				CF39BC9E28C42D7200CB35AE /* Sime.app */,
				244505212F0113160007DFE3 /* SimeTests.xctest */,
			);
			name = Products;
			sourceTree = "<group>";
		};
		CF39BCA028C42D7200CB35AE /* Sime */ = {
			isa = PBXGroup;
			children = (
				24LOC0012D90000000000002 /* InfoPlist.strings */,
				24ICON012D90000000000001 /* icon.tiff */,
				CF6561F728D1AE010085AC8D /* Automata */,
				CF39BCB028C49D3800CB35AE /* Info.plist */,
				24E000002D9F000000000001 /* Main.swift */,
				CF39BCA128C42D7200CB35AE /* AppDelegate.swift */,
				CF39BCAE28C49BDA00CB35AE /* SimeInputController.swift */,
				CF3237BC28D1AACE008941FE /* Log.swift */,
				CF34BD8A29D6C0A200F69E9E /* OptHandler.swift */,
				CF39BCA328C42D7300CB35AE /* Assets.xcassets */,
				CF39BCA828C42D7300CB35AE /* Sime.entitlements */,
			);
			path = Sime;
			sourceTree = "<group>";
		};
		CF6561F728D1AE010085AC8D /* Automata */ = {
			isa = PBXGroup;
			children = (
				24A000002F011316007DFE00 /* Composition.swift */,
				24A000002F011316007DFE0A /* Automata.swift */,
				24A000012F011316007DFE01 /* KeyboardProtocol.swift */,
				24A000022F011316007DFE02 /* InputTimingManager.swift */,
				24F7669F2D8CFC0900D44031 /* HangulCharacter.swift */,
				CF6561F828D1AE240085AC8D /* Hangul.swift */,
				24A000002F011316007DFE0B /* KeyboardFactory.swift */,
				CF6561FC28D1AE590085AC8D /* Keyboards.swift */,
				24A000032F011316007DFE03 /* DubeolLayout.swift */,
				CF40CD2F28EFF6CB000CCB7B /* KeyboardDubeol.swift */,
				24A000042F011316007DFE04 /* SemoiLayout.swift */,
				24A000052F011316007DFE05 /* SemoiAbbreviations.swift */,
				24BB48222D858594009A438B /* KeyboardSemoi.swift */,
			);
			path = Automata;
			sourceTree = "<group>";
		};
/* End PBXGroup section */

/* Begin PBXNativeTarget section */
		244505202F0113160007DFE3 /* SimeTests */ = {
			isa = PBXNativeTarget;
			buildConfigurationList = 244505272F0113160007DFE3 /* Build configuration list for PBXNativeTarget "SimeTests" */;
			buildPhases = (
				2445051D2F0113160007DFE3 /* Sources */,
				2445051E2F0113160007DFE3 /* Frameworks */,
				2445051F2F0113160007DFE3 /* Resources */,
			);
			buildRules = (
			);
			dependencies = (
			);
			fileSystemSynchronizedGroups = (
				244505222F0113160007DFE3 /* SimeTests */,
			);
			name = SimeTests;
			packageProductDependencies = (
			);
			productName = SimeTests;
			productReference = 244505212F0113160007DFE3 /* SimeTests.xctest */;
			productType = "com.apple.product-type.bundle.unit-test";
		};
		CF39BC9D28C42D7200CB35AE /* Sime */ = {
			isa = PBXNativeTarget;
			buildConfigurationList = CF39BCAB28C42D7300CB35AE /* Build configuration list for PBXNativeTarget "Sime" */;
			buildPhases = (
				CF39BC9A28C42D7200CB35AE /* Sources */,
				CF39BC9B28C42D7200CB35AE /* Frameworks */,
				CF39BC9C28C42D7200CB35AE /* Resources */,
			);
			buildRules = (
			);
			dependencies = (
			);
			name = Sime;
			productName = Sime;
			productReference = CF39BC9E28C42D7200CB35AE /* Sime.app */;
			productType = "com.apple.product-type.application";
		};
/* End PBXNativeTarget section */

/* Begin PBXProject section */
		CF39BC9628C42D7200CB35AE /* Project object */ = {
			isa = PBXProject;
			attributes = {
				BuildIndependentTargetsInParallel = 1;
				LastSwiftUpdateCheck = 1640;
				LastUpgradeCheck = 1640;
				TargetAttributes = {
					244505202F0113160007DFE3 = {
						CreatedOnToolsVersion = 16.4;
					};
					CF39BC9D28C42D7200CB35AE = {
						CreatedOnToolsVersion = 13.4.1;
					};
				};
			};
			buildConfigurationList = CF39BC9928C42D7200CB35AE /* Build configuration list for PBXProject "Sime" */;
			compatibilityVersion = "Xcode 13.0";
			developmentRegion = en;
			hasScannedForEncodings = 0;
			knownRegions = (
				en,
				Base,
				ko,
			);
			mainGroup = CF39BC9528C42D7200CB35AE;
			productRefGroup = CF39BC9F28C42D7200CB35AE /* Products */;
			projectDirPath = "";
			projectRoot = "";
			targets = (
				CF39BC9D28C42D7200CB35AE /* Sime */,
				244505202F0113160007DFE3 /* SimeTests */,
			);
		};
/* End PBXProject section */

/* Begin PBXResourcesBuildPhase section */
		2445051F2F0113160007DFE3 /* Resources */ = {
			isa = PBXResourcesBuildPhase;
			buildActionMask = 2147483647;
			files = (
			);
			runOnlyForDeploymentPostprocessing = 0;
		};
		CF39BC9C28C42D7200CB35AE /* Resources */ = {
			isa = PBXResourcesBuildPhase;
			buildActionMask = 2147483647;
			files = (
				24LOC0002D90000000000002 /* InfoPlist.strings in Resources */,
				24ICON002D90000000000001 /* icon.tiff in Resources */,
				CF39BCA428C42D7300CB35AE /* Assets.xcassets in Resources */,
			);
			runOnlyForDeploymentPostprocessing = 0;
		};
/* End PBXResourcesBuildPhase section */

/* Begin PBXSourcesBuildPhase section */
		2445051D2F0113160007DFE3 /* Sources */ = {
			isa = PBXSourcesBuildPhase;
			buildActionMask = 2147483647;
			files = (
				24TEST0D2F0113160007DF0D /* Composition.swift in Sources */,
				24TEST0E2F0113160007DF0E /* Automata.swift in Sources */,
				24TEST0F2F0113160007DF0F /* KeyboardFactory.swift in Sources */,
				24TEST012F0113160007DF01 /* KeyboardProtocol.swift in Sources */,
				24TEST022F0113160007DF02 /* InputTimingManager.swift in Sources */,
				24TEST032F0113160007DF03 /* DubeolLayout.swift in Sources */,
				24TEST042F0113160007DF04 /* SemoiLayout.swift in Sources */,
				24TEST052F0113160007DF05 /* SemoiAbbreviations.swift in Sources */,
				24TEST062F0113160007DF06 /* KeyboardSemoi.swift in Sources */,
				24TEST072F0113160007DF07 /* HangulCharacter.swift in Sources */,
				24TEST082F0113160007DF08 /* Log.swift in Sources */,
				24TEST092F0113160007DF09 /* OptHandler.swift in Sources */,
				24TEST0A2F0113160007DF0A /* KeyboardDubeol.swift in Sources */,
				24TEST0B2F0113160007DF0B /* Hangul.swift in Sources */,
				24TEST0C2F0113160007DF0C /* Keyboards.swift in Sources */,
			);
			runOnlyForDeploymentPostprocessing = 0;
		};
		CF39BC9A28C42D7200CB35AE /* Sources */ = {
			isa = PBXSourcesBuildPhase;
			buildActionMask = 2147483647;
			files = (
				24A000062F011316007DFE06 /* Composition.swift in Sources */,
				24A000072F011316007DFE07 /* Automata.swift in Sources */,
				24A000082F011316007DFE08 /* KeyboardFactory.swift in Sources */,
				24A000112F011316007DFE01 /* KeyboardProtocol.swift in Sources */,
				24A000122F011316007DFE02 /* InputTimingManager.swift in Sources */,
				24A000132F011316007DFE03 /* DubeolLayout.swift in Sources */,
				24A000142F011316007DFE04 /* SemoiLayout.swift in Sources */,
				24A000152F011316007DFE05 /* SemoiAbbreviations.swift in Sources */,
				CF40CD3028EFF6CC000CCB7B /* KeyboardDubeol.swift in Sources */,
				CF6561FD28D1AE590085AC8D /* Keyboards.swift in Sources */,
				24E000012D9F000000000001 /* Main.swift in Sources */,
				CF39BCA228C42D7200CB35AE /* AppDelegate.swift in Sources */,
				CF3237BD28D1AACE008941FE /* Log.swift in Sources */,
				CF34BD8B29D6C0A200F69E9E /* OptHandler.swift in Sources */,
				CF6561F928D1AE240085AC8D /* Hangul.swift in Sources */,
				24F766A02D8CFC0900D44031 /* HangulCharacter.swift in Sources */,
				CF39BCAF28C49BDA00CB35AE /* SimeInputController.swift in Sources */,
				24BB48232D858594009A438B /* KeyboardSemoi.swift in Sources */,
			);
			runOnlyForDeploymentPostprocessing = 0;
		};
/* End PBXSourcesBuildPhase section */

/* Begin PBXVariantGroup section */
		24LOC0012D90000000000002 /* InfoPlist.strings */ = {
			isa = PBXVariantGroup;
			children = (
				24LOC0032D90000000000003 /* ko */,
				24LOC0042D90000000000004 /* en */,
			);
			name = InfoPlist.strings;
			sourceTree = "<group>";
		};
/* End PBXVariantGroup section */

/* Begin XCBuildConfiguration section */
		244505282F0113160007DFE3 /* Debug */ = {
			isa = XCBuildConfiguration;
			buildSettings = {
				CLANG_CXX_LANGUAGE_STANDARD = "gnu++20";
				CODE_SIGN_STYLE = Automatic;
				CURRENT_PROJECT_VERSION = 1;
				GCC_C_LANGUAGE_STANDARD = gnu17;
				GENERATE_INFOPLIST_FILE = YES;
				LOCALIZATION_PREFERS_STRING_CATALOGS = YES;
				MACOSX_DEPLOYMENT_TARGET = 15.0;
				MARKETING_VERSION = 1.0;
				PRODUCT_BUNDLE_IDENTIFIER = dev.sunb.inputmethod.SimeTests;
				PRODUCT_NAME = "$(TARGET_NAME)";
				SWIFT_ACTIVE_COMPILATION_CONDITIONS = "DEBUG $(inherited)";
				SWIFT_EMIT_LOC_STRINGS = NO;
				SWIFT_VERSION = 5.0;
			};
			name = Debug;
		};
		244505292F0113160007DFE3 /* Release */ = {
			isa = XCBuildConfiguration;
			buildSettings = {
				CLANG_CXX_LANGUAGE_STANDARD = "gnu++20";
				CODE_SIGN_STYLE = Automatic;
				CURRENT_PROJECT_VERSION = 1;
				GCC_C_LANGUAGE_STANDARD = gnu17;
				GENERATE_INFOPLIST_FILE = YES;
				LOCALIZATION_PREFERS_STRING_CATALOGS = YES;
				MACOSX_DEPLOYMENT_TARGET = 15.0;
				MARKETING_VERSION = 1.0;
				PRODUCT_BUNDLE_IDENTIFIER = dev.sunb.inputmethod.SimeTests;
				PRODUCT_NAME = "$(TARGET_NAME)";
				SWIFT_EMIT_LOC_STRINGS = NO;
				SWIFT_VERSION = 5.0;
			};
			name = Release;
		};
		CF39BCA928C42D7300CB35AE /* Debug */ = {
			isa = XCBuildConfiguration;
			buildSettings = {
				ALWAYS_SEARCH_USER_PATHS = NO;
				ASSETCATALOG_COMPILER_GENERATE_SWIFT_ASSET_SYMBOL_EXTENSIONS = YES;
				CLANG_ANALYZER_LOCALIZABILITY_NONLOCALIZED = YES;
				CLANG_ANALYZER_NONNULL = YES;
				CLANG_ANALYZER_NUMBER_OBJECT_CONVERSION = YES_AGGRESSIVE;
				CLANG_CXX_LANGUAGE_STANDARD = "gnu++17";
				CLANG_ENABLE_MODULES = YES;
				CLANG_ENABLE_OBJC_ARC = YES;
				CLANG_ENABLE_OBJC_WEAK = YES;
				CLANG_WARN_BLOCK_CAPTURE_AUTORELEASING = YES;
				CLANG_WARN_BOOL_CONVERSION = YES;
				CLANG_WARN_COMMA = YES;
				CLANG_WARN_CONSTANT_CONVERSION = YES;
				CLANG_WARN_DEPRECATED_OBJC_IMPLEMENTATIONS = YES;
				CLANG_WARN_DIRECT_OBJC_ISA_USAGE = YES_ERROR;
				CLANG_WARN_DOCUMENTATION_COMMENTS = YES;
				CLANG_WARN_EMPTY_BODY = YES;
				CLANG_WARN_ENUM_CONVERSION = YES;
				CLANG_WARN_INFINITE_RECURSION = YES;
				CLANG_WARN_INT_CONVERSION = YES;
				CLANG_WARN_NON_LITERAL_NULL_CONVERSION = YES;
				CLANG_WARN_OBJC_IMPLICIT_RETAIN_SELF = YES;
				CLANG_WARN_OBJC_LITERAL_CONVERSION = YES;
				CLANG_WARN_OBJC_ROOT_CLASS = YES_ERROR;
				CLANG_WARN_QUOTED_INCLUDE_IN_FRAMEWORK_HEADER = YES;
				CLANG_WARN_RANGE_LOOP_ANALYSIS = YES;
				CLANG_WARN_STRICT_PROTOTYPES = YES;
				CLANG_WARN_SUSPICIOUS_MOVE = YES;
				CLANG_WARN_UNGUARDED_AVAILABILITY = YES_AGGRESSIVE;
				CLANG_WARN_UNREACHABLE_CODE = YES;
				CLANG_WARN__DUPLICATE_METHOD_MATCH = YES;
				COPY_PHASE_STRIP = NO;
				DEAD_CODE_STRIPPING = YES;
				DEBUG_INFORMATION_FORMAT = dwarf;
				ENABLE_STRICT_OBJC_MSGSEND = YES;
				ENABLE_TESTABILITY = YES;
				ENABLE_USER_SCRIPT_SANDBOXING = YES;
				GCC_C_LANGUAGE_STANDARD = gnu11;
				GCC_DYNAMIC_NO_PIC = NO;
				GCC_NO_COMMON_BLOCKS = YES;
				GCC_OPTIMIZATION_LEVEL = 0;
				GCC_PREPROCESSOR_DEFINITIONS = (
					"DEBUG=1",
					"$(inherited)",
				);
				GCC_WARN_64_TO_32_BIT_CONVERSION = YES;
				GCC_WARN_ABOUT_RETURN_TYPE = YES_ERROR;
				GCC_WARN_UNDECLARED_SELECTOR = YES;
				GCC_WARN_UNINITIALIZED_AUTOS = YES_AGGRESSIVE;
				GCC_WARN_UNUSED_FUNCTION = YES;
				GCC_WARN_UNUSED_VARIABLE = YES;
				MACOSX_DEPLOYMENT_TARGET = 15.0;
				MTL_ENABLE_DEBUG_INFO = INCLUDE_SOURCE;
				MTL_FAST_MATH = YES;
				ONLY_ACTIVE_ARCH = YES;
				SDKROOT = macosx;
				SWIFT_ACTIVE_COMPILATION_CONDITIONS = DEBUG;
				SWIFT_OPTIMIZATION_LEVEL = "-Onone";
			};
			name = Debug;
		};
		CF39BCAA28C42D7300CB35AE /* Release */ = {
			isa = XCBuildConfiguration;
			buildSettings = {
				ALWAYS_SEARCH_USER_PATHS = NO;
				ASSETCATALOG_COMPILER_GENERATE_SWIFT_ASSET_SYMBOL_EXTENSIONS = YES;
				CLANG_ANALYZER_LOCALIZABILITY_NONLOCALIZED = YES;
				CLANG_ANALYZER_NONNULL = YES;
				CLANG_ANALYZER_NUMBER_OBJECT_CONVERSION = YES_AGGRESSIVE;
				CLANG_CXX_LANGUAGE_STANDARD = "gnu++17";
				CLANG_ENABLE_MODULES = YES;
				CLANG_ENABLE_OBJC_ARC = YES;
				CLANG_ENABLE_OBJC_WEAK = YES;
				CLANG_WARN_BLOCK_CAPTURE_AUTORELEASING = YES;
				CLANG_WARN_BOOL_CONVERSION = YES;
				CLANG_WARN_COMMA = YES;
				CLANG_WARN_CONSTANT_CONVERSION = YES;
				CLANG_WARN_DEPRECATED_OBJC_IMPLEMENTATIONS = YES;
				CLANG_WARN_DIRECT_OBJC_ISA_USAGE = YES_ERROR;
				CLANG_WARN_DOCUMENTATION_COMMENTS = YES;
				CLANG_WARN_EMPTY_BODY = YES;
				CLANG_WARN_ENUM_CONVERSION = YES;
				CLANG_WARN_INFINITE_RECURSION = YES;
				CLANG_WARN_INT_CONVERSION = YES;
				CLANG_WARN_NON_LITERAL_NULL_CONVERSION = YES;
				CLANG_WARN_OBJC_IMPLICIT_RETAIN_SELF = YES;
				CLANG_WARN_OBJC_LITERAL_CONVERSION = YES;
				CLANG_WARN_OBJC_ROOT_CLASS = YES_ERROR;
				CLANG_WARN_QUOTED_INCLUDE_IN_FRAMEWORK_HEADER = YES;
				CLANG_WARN_RANGE_LOOP_ANALYSIS = YES;
				CLANG_WARN_STRICT_PROTOTYPES = YES;
				CLANG_WARN_SUSPICIOUS_MOVE = YES;
				CLANG_WARN_UNGUARDED_AVAILABILITY = YES_AGGRESSIVE;
				CLANG_WARN_UNREACHABLE_CODE = YES;
				CLANG_WARN__DUPLICATE_METHOD_MATCH = YES;
				COPY_PHASE_STRIP = NO;
				DEAD_CODE_STRIPPING = YES;
				DEBUG_INFORMATION_FORMAT = "dwarf-with-dsym";
				ENABLE_NS_ASSERTIONS = NO;
				ENABLE_STRICT_OBJC_MSGSEND = YES;
				ENABLE_USER_SCRIPT_SANDBOXING = YES;
				GCC_C_LANGUAGE_STANDARD = gnu11;
				GCC_NO_COMMON_BLOCKS = YES;
				GCC_WARN_64_TO_32_BIT_CONVERSION = YES;
				GCC_WARN_ABOUT_RETURN_TYPE = YES_ERROR;
				GCC_WARN_UNDECLARED_SELECTOR = YES;
				GCC_WARN_UNINITIALIZED_AUTOS = YES_AGGRESSIVE;
				GCC_WARN_UNUSED_FUNCTION = YES;
				GCC_WARN_UNUSED_VARIABLE = YES;
				MACOSX_DEPLOYMENT_TARGET = 15.0;
				MTL_ENABLE_DEBUG_INFO = NO;
				MTL_FAST_MATH = YES;
				SDKROOT = macosx;
				SWIFT_COMPILATION_MODE = wholemodule;
				SWIFT_OPTIMIZATION_LEVEL = "-O";
			};
			name = Release;
		};
		CF39BCAC28C42D7300CB35AE /* Debug */ = {
			isa = XCBuildConfiguration;
			buildSettings = {
				ASSETCATALOG_COMPILER_APPICON_NAME = AppIcon;
				ASSETCATALOG_COMPILER_GLOBAL_ACCENT_COLOR_NAME = AccentColor;
				CODE_SIGN_ENTITLEMENTS = Sime/Sime.entitlements;
				CODE_SIGN_IDENTITY = "Apple Development";
				"CODE_SIGN_IDENTITY[sdk=macosx*]" = "-";
				CODE_SIGN_STYLE = Automatic;
				COMBINE_HIDPI_IMAGES = YES;
				CURRENT_PROJECT_VERSION = 370;
				DEAD_CODE_STRIPPING = YES;
				DEVELOPMENT_TEAM = "";
				ENABLE_HARDENED_RUNTIME = YES;
				GENERATE_INFOPLIST_FILE = YES;
				INFOPLIST_FILE = Sime/Info.plist;
				INFOPLIST_KEY_LSBackgroundOnly = YES;
				INFOPLIST_KEY_LSUIElement = YES;
				INFOPLIST_KEY_NSHumanReadableCopyright = "";
				LD_RUNPATH_SEARCH_PATHS = (
					"$(inherited)",
					"@executable_path/../Frameworks",
				);
				MACOSX_DEPLOYMENT_TARGET = 15.0;
				MARKETING_VERSION = 7.0;
				PRODUCT_BUNDLE_IDENTIFIER = dev.sunb.inputmethod.sime;
				PRODUCT_NAME = "$(TARGET_NAME)";
				PROVISIONING_PROFILE_SPECIFIER = "";
				SWIFT_EMIT_LOC_STRINGS = YES;
				SWIFT_VERSION = 5.0;
			};
			name = Debug;
		};
		CF39BCAD28C42D7300CB35AE /* Release */ = {
			isa = XCBuildConfiguration;
			buildSettings = {
				ASSETCATALOG_COMPILER_APPICON_NAME = AppIcon;
				ASSETCATALOG_COMPILER_GLOBAL_ACCENT_COLOR_NAME = AccentColor;
				CODE_SIGN_ENTITLEMENTS = Sime/Sime.entitlements;
				CODE_SIGN_IDENTITY = "Apple Development";
				"CODE_SIGN_IDENTITY[sdk=macosx*]" = "-";
				CODE_SIGN_STYLE = Automatic;
				COMBINE_HIDPI_IMAGES = YES;
				CURRENT_PROJECT_VERSION = 370;
				DEAD_CODE_STRIPPING = YES;
				DEVELOPMENT_TEAM = "";
				ENABLE_HARDENED_RUNTIME = YES;
				GENERATE_INFOPLIST_FILE = YES;
				INFOPLIST_FILE = Sime/Info.plist;
				INFOPLIST_KEY_LSBackgroundOnly = YES;
				INFOPLIST_KEY_LSUIElement = YES;
				INFOPLIST_KEY_NSHumanReadableCopyright = "";
				LD_RUNPATH_SEARCH_PATHS = (
					"$(inherited)",
					"@executable_path/../Frameworks",
				);
				MACOSX_DEPLOYMENT_TARGET = 15.0;
				MARKETING_VERSION = 7.0;
				PRODUCT_BUNDLE_IDENTIFIER = dev.sunb.inputmethod.sime;
				PRODUCT_NAME = "$(TARGET_NAME)";
				PROVISIONING_PROFILE_SPECIFIER = "";
				SWIFT_EMIT_LOC_STRINGS = YES;
				SWIFT_VERSION = 5.0;
			};
			name = Release;
		};
/* End XCBuildConfiguration section */

/* Begin XCConfigurationList section */
		244505272F0113160007DFE3 /* Build configuration list for PBXNativeTarget "SimeTests" */ = {
			isa = XCConfigurationList;
			buildConfigurations = (
				244505282F0113160007DFE3 /* Debug */,
				244505292F0113160007DFE3 /* Release */,
			);
			defaultConfigurationIsVisible = 0;
			defaultConfigurationName = Release;
		};
		CF39BC9928C42D7200CB35AE /* Build configuration list for PBXProject "Sime" */ = {
			isa = XCConfigurationList;
			buildConfigurations = (
				CF39BCA928C42D7300CB35AE /* Debug */,
				CF39BCAA28C42D7300CB35AE /* Release */,
			);
			defaultConfigurationIsVisible = 0;
			defaultConfigurationName = Release;
		};
		CF39BCAB28C42D7300CB35AE /* Build configuration list for PBXNativeTarget "Sime" */ = {
			isa = XCConfigurationList;
			buildConfigurations = (
				CF39BCAC28C42D7300CB35AE /* Debug */,
				CF39BCAD28C42D7300CB35AE /* Release */,
			);
			defaultConfigurationIsVisible = 0;
			defaultConfigurationName = Release;
		};
/* End XCConfigurationList section */
	};
	rootObject = CF39BC9628C42D7200CB35AE /* Project object */;
}
